
Microsoft Visual Studio Solution File, Format Version 12.00
# Visual Studio Version 17
VisualStudioVersion = 17.6.33723.286
MinimumVisualStudioVersion = 10.0.40219.1
Project("{FAE04EC0-301F-11D3-BF4B-00C04F79EFBC}") = "C# Advanced-08 Reading and writing on File system Homework", "C# Advanced-08 Reading and writing on File system Homework.csproj", "{6417C343-AD9C-4A12-AB84-DD063F604F6C}"
EndProject
Global
	GlobalSection(SolutionConfigurationPlatforms) = preSolution
		Debug|Any CPU = Debug|Any CPU
		Release|Any CPU = Release|Any CPU
	EndGlobalSection
	GlobalSection(ProjectConfigurationPlatforms) = postSolution
		{6417C343-AD9C-4A12-AB84-DD063F604F6C}.Debug|Any CPU.ActiveCfg = Debug|Any CPU
		{6417C343-AD9C-4A12-AB84-DD063F604F6C}.Debug|Any CPU.Build.0 = Debug|Any CPU
		{6417C343-AD9C-4A12-AB84-DD063F604F6C}.Release|Any CPU.ActiveCfg = Release|Any CPU
		{6417C343-AD9C-4A12-AB84-DD063F604F6C}.Release|Any CPU.Build.0 = Release|Any CPU
	EndGlobalSection
	GlobalSection(SolutionProperties) = preSolution
		HideSolutionNode = FALSE
	EndGlobalSection
	GlobalSection(ExtensibilityGlobals) = postSolution
		SolutionGuid = {65A745B9-BFFD-461E-A558-93CE22F9E3C3}
	EndGlobalSection
EndGlobal
